{
  "nodes": {
    "disko": {
      "inputs": {
        "nixpkgs": [
          "nixpkgs"
        ]
      },
      "locked": {
        "lastModified": 1773025010,
        "narHash": "sha256-khlHllTsovXgT2GZ0WxT4+RvuMjNeR5OW0UYeEHPYQo=",
        "owner": "nix-community",
        "repo": "disko",
        "rev": "7b9f7f88ab3b339f8142dc246445abb3c370d3d3",
        "type": "github"
      },
      "original": {
        "owner": "nix-community",
        "repo": "disko",
        "type": "github"
      }
    },
    "flake-compat": {
      "flake": false,
      "locked": {
        "lastModified": 1767039857,
        "narHash": "sha256-vNpUSpF5Nuw8xvDLj2KCwwksIbjua2LZCqhV1LNRDns=",
        "owner": "edolstra",
        "repo": "flake-compat",
        "rev": "5edf11c44bc78a0d334f6334cdaf7d60d732daab",
        "type": "github"
      },
      "original": {
        "owner": "edolstra",
        "repo": "flake-compat",
        "type": "github"
      }
    },
    "nixos-wsl": {
      "inputs": {
        "flake-compat": "flake-compat",
        "nixpkgs": "nixpkgs"
      },
      "locked": {
        "lastModified": 1773414018,
        "narHash": "sha256-6F9jy0UqEx/5IoyJkk3lPInyWTuvCkow/MKluHgP+MA=",
        "owner": "nix-community",
        "repo": "NixOS-WSL",
        "rev": "d2fd7da4565797cf7e18b9b0a8b1044fbada8ff8",
        "type": "github"
      },
      "original": {
        "owner": "nix-community",
        "ref": "main",
        "repo": "NixOS-WSL",
        "type": "github"
      }
    },
    "nixpkgs": {
      "locked": {
        "lastModified": 1770019141,
        "narHash": "sha256-VKS4ZLNx4PNrABoB0L8KUpc1fE7CLpQXQs985tGfaCU=",
        "owner": "NixOS",
        "repo": "nixpkgs",
        "rev": "cb369ef2efd432b3cdf8622b0ffc0a97a02f3137",
        "type": "github"
      },
      "original": {
        "owner": "NixOS",
        "ref": "nixos-unstable",
        "repo": "nixpkgs",
        "type": "github"
      }
    },
    "nixpkgs_2": {
      "locked": {
        "lastModified": 1773385838,
        "narHash": "sha256-ylF2AGl08seexxlLvMqj3jd+yZq56W9zicwe51mp0Pw=",
        "owner": "NixOS",
        "repo": "nixpkgs",
        "rev": "fef542e7a88eec2b698389e6279464fd479926b6",
        "type": "github"
      },
      "original": {
        "owner": "NixOS",
        "ref": "nixpkgs-unstable",
        "repo": "nixpkgs",
        "type": "github"
      }
    },
    "root": {
      "inputs": {
        "disko": "disko",
        "nixos-wsl": "nixos-wsl",
        "nixpkgs": "nixpkgs_2",
        "secrets": "secrets"
      }
    },
    "secrets": {
      "locked": {
        "lastModified": 1752777032,
        "narHash": "sha256-Q6HEUr6tNS3nTPxDQl5GLRElw+2xHxSQEctibiOSqLM=",
        "ref": "refs/heads/main",
        "rev": "c843beedc37de659db6d3936079c22ce32c4cd19",
        "revCount": 8,
        "type": "git",
        "url": "ssh://git@github.com/rtocs/nix-config-secrets.git"
      },
      "original": {
        "type": "git",
        "url": "ssh://git@github.com/rtocs/nix-config-secrets.git"
      }
    }
  },
  "root": "root",
  "version": 7
}
