{
  "nodes": {
    "disko": {
      "inputs": {
        "nixpkgs": [
          "nixpkgs"
        ]
      },
      "locked": {
        "lastModified": 1751607816,
        "narHash": "sha256-5PtrwjqCIJ4DKQhzYdm8RFePBuwb+yTzjV52wWoGSt4=",
        "owner": "nix-community",
        "repo": "disko",
        "rev": "da6109c917b48abc1f76dd5c9bf3901c8c80f662",
        "type": "github"
      },
      "original": {
        "owner": "nix-community",
        "repo": "disko",
        "type": "github"
      }
    },
    "flake-compat": {
      "flake": false,
      "locked": {
        "lastModified": 1747046372,
        "narHash": "sha256-CIVLLkVgvHYbgI2UpXvIIBJ12HWgX+fjA8Xf8PUmqCY=",
        "owner": "edolstra",
        "repo": "flake-compat",
        "rev": "9100a0f413b0c601e0533d1d94ffd501ce2e7885",
        "type": "github"
      },
      "original": {
        "owner": "edolstra",
        "repo": "flake-compat",
        "type": "github"
      }
    },
    "nixos-wsl": {
      "inputs": {
        "flake-compat": "flake-compat",
        "nixpkgs": "nixpkgs"
      },
      "locked": {
        "lastModified": 1749574455,
        "narHash": "sha256-fm2/8KPOYvvIAnNVtjDlTt/My00lIbZQ+LMrfQIWVzs=",
        "owner": "nix-community",
        "repo": "NixOS-WSL",
        "rev": "917af390377c573932d84b5e31dd9f2c1b5c0f09",
        "type": "github"
      },
      "original": {
        "owner": "nix-community",
        "ref": "main",
        "repo": "NixOS-WSL",
        "type": "github"
      }
    },
    "nixpkgs": {
      "locked": {
        "lastModified": 1749173751,
        "narHash": "sha256-ENY3y3v6S9ZmLDDLI3LUT8MXmfXg/fSt2eA4GCnMVCE=",
        "owner": "NixOS",
        "repo": "nixpkgs",
        "rev": "ed29f002b6d6e5e7e32590deb065c34a31dc3e91",
        "type": "github"
      },
      "original": {
        "owner": "NixOS",
        "ref": "nixos-24.11",
        "repo": "nixpkgs",
        "type": "github"
      }
    },
    "nixpkgs_2": {
      "locked": {
        "lastModified": 1751625545,
        "narHash": "sha256-4E7wWftF1ExK5ZEDzj41+9mVgxtuRV3wWCId7QAYMAU=",
        "owner": "NixOS",
        "repo": "nixpkgs",
        "rev": "c860cf0b3a0829f0f6cf344ca8de83a2bbfab428",
        "type": "github"
      },
      "original": {
        "owner": "NixOS",
        "ref": "nixpkgs-unstable",
        "repo": "nixpkgs",
        "type": "github"
      }
    },
    "root": {
      "inputs": {
        "disko": "disko",
        "nixos-wsl": "nixos-wsl",
        "nixpkgs": "nixpkgs_2"
      }
    }
  },
  "root": "root",
  "version": 7
}
